
Microsoft Visual Studio Solution File, Format Version 12.00
# Visual Studio 15
VisualStudioVersion = 15.0.28307.136
MinimumVisualStudioVersion = 10.0.40219.1
Project("{9A19103F-16F7-4668-BE54-9A1E7A4F7556}") = "Accumulate", "Accumulate.csproj", "{D5836931-FC6E-4193-9CE5-00894A3CBC57}"
EndProject
Global
	GlobalSection(SolutionConfigurationPlatforms) = preSolution
		Debug|Any CPU = Debug|Any CPU
		Release|Any CPU = Release|Any CPU
	EndGlobalSection
	GlobalSection(ProjectConfigurationPlatforms) = postSolution
		{D5836931-FC6E-4193-9CE5-00894A3CBC57}.Debug|Any CPU.ActiveCfg = Debug|Any CPU
		{D5836931-FC6E-4193-9CE5-00894A3CBC57}.Debug|Any CPU.Build.0 = Debug|Any CPU
		{D5836931-FC6E-4193-9CE5-00894A3CBC57}.Release|Any CPU.ActiveCfg = Release|Any CPU
		{D5836931-FC6E-4193-9CE5-00894A3CBC57}.Release|Any CPU.Build.0 = Release|Any CPU
	EndGlobalSection
	GlobalSection(SolutionProperties) = preSolution
		HideSolutionNode = FALSE
	EndGlobalSection
	GlobalSection(ExtensibilityGlobals) = postSolution
		SolutionGuid = {86D5BE66-642C-454C-9490-FB98A125745A}
	EndGlobalSection
EndGlobal
