
Microsoft Visual Studio Solution File, Format Version 12.00
# Visual Studio 15
VisualStudioVersion = 15.0.28307.168
MinimumVisualStudioVersion = 10.0.40219.1
Project("{9A19103F-16F7-4668-BE54-9A1E7A4F7556}") = "Strain", "Strain.csproj", "{62A77738-4755-4B50-82E5-0EE7DA5955D0}"
EndProject
Global
	GlobalSection(SolutionConfigurationPlatforms) = preSolution
		Debug|Any CPU = Debug|Any CPU
		Release|Any CPU = Release|Any CPU
	EndGlobalSection
	GlobalSection(ProjectConfigurationPlatforms) = postSolution
		{62A77738-4755-4B50-82E5-0EE7DA5955D0}.Debug|Any CPU.ActiveCfg = Debug|Any CPU
		{62A77738-4755-4B50-82E5-0EE7DA5955D0}.Debug|Any CPU.Build.0 = Debug|Any CPU
		{62A77738-4755-4B50-82E5-0EE7DA5955D0}.Release|Any CPU.ActiveCfg = Release|Any CPU
		{62A77738-4755-4B50-82E5-0EE7DA5955D0}.Release|Any CPU.Build.0 = Release|Any CPU
	EndGlobalSection
	GlobalSection(SolutionProperties) = preSolution
		HideSolutionNode = FALSE
	EndGlobalSection
	GlobalSection(ExtensibilityGlobals) = postSolution
		SolutionGuid = {6EAB7CED-D398-4D29-BFA7-B154234D6DE1}
	EndGlobalSection
EndGlobal
