
Microsoft Visual Studio Solution File, Format Version 12.00
# Visual Studio 15
VisualStudioVersion = 15.0.28307.168
MinimumVisualStudioVersion = 10.0.40219.1
Project("{9A19103F-16F7-4668-BE54-9A1E7A4F7556}") = "DifferenceOfSquares", "DifferenceOfSquares.csproj", "{864D81C0-0563-4989-A6E8-0BD3D9A0CCBE}"
EndProject
Global
	GlobalSection(SolutionConfigurationPlatforms) = preSolution
		Debug|Any CPU = Debug|Any CPU
		Release|Any CPU = Release|Any CPU
	EndGlobalSection
	GlobalSection(ProjectConfigurationPlatforms) = postSolution
		{864D81C0-0563-4989-A6E8-0BD3D9A0CCBE}.Debug|Any CPU.ActiveCfg = Debug|Any CPU
		{864D81C0-0563-4989-A6E8-0BD3D9A0CCBE}.Debug|Any CPU.Build.0 = Debug|Any CPU
		{864D81C0-0563-4989-A6E8-0BD3D9A0CCBE}.Release|Any CPU.ActiveCfg = Release|Any CPU
		{864D81C0-0563-4989-A6E8-0BD3D9A0CCBE}.Release|Any CPU.Build.0 = Release|Any CPU
	EndGlobalSection
	GlobalSection(SolutionProperties) = preSolution
		HideSolutionNode = FALSE
	EndGlobalSection
	GlobalSection(ExtensibilityGlobals) = postSolution
		SolutionGuid = {4CC94963-87C0-4315-B5C1-F67CE4FED3C1}
	EndGlobalSection
EndGlobal
