
Microsoft Visual Studio Solution File, Format Version 12.00
# Visual Studio 15
VisualStudioVersion = 15.0.28307.168
MinimumVisualStudioVersion = 10.0.40219.1
Project("{9A19103F-16F7-4668-BE54-9A1E7A4F7556}") = "ScrabbleScore", "ScrabbleScore.csproj", "{6BBC8E29-3D1E-4925-8601-BE013DC18450}"
EndProject
Global
	GlobalSection(SolutionConfigurationPlatforms) = preSolution
		Debug|Any CPU = Debug|Any CPU
		Release|Any CPU = Release|Any CPU
	EndGlobalSection
	GlobalSection(ProjectConfigurationPlatforms) = postSolution
		{6BBC8E29-3D1E-4925-8601-BE013DC18450}.Debug|Any CPU.ActiveCfg = Debug|Any CPU
		{6BBC8E29-3D1E-4925-8601-BE013DC18450}.Debug|Any CPU.Build.0 = Debug|Any CPU
		{6BBC8E29-3D1E-4925-8601-BE013DC18450}.Release|Any CPU.ActiveCfg = Release|Any CPU
		{6BBC8E29-3D1E-4925-8601-BE013DC18450}.Release|Any CPU.Build.0 = Release|Any CPU
	EndGlobalSection
	GlobalSection(SolutionProperties) = preSolution
		HideSolutionNode = FALSE
	EndGlobalSection
	GlobalSection(ExtensibilityGlobals) = postSolution
		SolutionGuid = {04D3D45E-59B7-4779-BA4B-745B91F7973D}
	EndGlobalSection
EndGlobal
